// !$*UTF8*$!
{
	archiveVersion = 1;
	classes = {
	};
	objectVersion = 50;
	objects = {

/* Begin PBXBuildFile section */
		B4B47E2E25C9C63D007EA08C /* AppDelegate.swift in Sources */ = {isa = PBXBuildFile; fileRef = B4B47E2D25C9C63D007EA08C /* AppDelegate.swift */; };
		B4B47E3025C9C63D007EA08C /* SceneDelegate.swift in Sources */ = {isa = PBXBuildFile; fileRef = B4B47E2F25C9C63D007EA08C /* SceneDelegate.swift */; };
		B4B47E3225C9C63D007EA08C /* ListViewController.swift in Sources */ = {isa = PBXBuildFile; fileRef = B4B47E3125C9C63D007EA08C /* ListViewController.swift */; };
		B4B47E3525C9C63D007EA08C /* Main.storyboard in Resources */ = {isa = PBXBuildFile; fileRef = B4B47E3325C9C63D007EA08C /* Main.storyboard */; };
		B4B47E3725C9C63E007EA08C /* Assets.xcassets in Resources */ = {isa = PBXBuildFile; fileRef = B4B47E3625C9C63E007EA08C /* Assets.xcassets */; };
		B4B47E3A25C9C63E007EA08C /* LaunchScreen.storyboard in Resources */ = {isa = PBXBuildFile; fileRef = B4B47E3825C9C63E007EA08C /* LaunchScreen.storyboard */; };
		B4B47E4525C9C63E007EA08C /* City_SearchTests.swift in Sources */ = {isa = PBXBuildFile; fileRef = B4B47E4425C9C63E007EA08C /* City_SearchTests.swift */; };
		B4B47E5025C9C63F007EA08C /* City_SearchUITests.swift in Sources */ = {isa = PBXBuildFile; fileRef = B4B47E4F25C9C63F007EA08C /* City_SearchUITests.swift */; };
		B4B47E6525C9C722007EA08C /* Models.swift in Sources */ = {isa = PBXBuildFile; fileRef = B4B47E6425C9C722007EA08C /* Models.swift */; };
		B4B47E6A25C9C7CE007EA08C /* cities.json in Resources */ = {isa = PBXBuildFile; fileRef = B4B47E6925C9C7CE007EA08C /* cities.json */; };
		B4B47E7625C9C9D5007EA08C /* DataHandler.swift in Sources */ = {isa = PBXBuildFile; fileRef = B4B47E7525C9C9D5007EA08C /* DataHandler.swift */; };
		B4B47E7D25C9D2EB007EA08C /* SearchResultCell.swift in Sources */ = {isa = PBXBuildFile; fileRef = B4B47E7B25C9D2EB007EA08C /* SearchResultCell.swift */; };
		B4B47E7E25C9D2EB007EA08C /* SearchResultCell.xib in Resources */ = {isa = PBXBuildFile; fileRef = B4B47E7C25C9D2EB007EA08C /* SearchResultCell.xib */; };
		B4B47E8625C9D820007EA08C /* BaseViewController.swift in Sources */ = {isa = PBXBuildFile; fileRef = B4B47E8525C9D820007EA08C /* BaseViewController.swift */; };
/* End PBXBuildFile section */

/* Begin PBXContainerItemProxy section */
		B4B47E4125C9C63E007EA08C /* PBXContainerItemProxy */ = {
			isa = PBXContainerItemProxy;
			containerPortal = B4B47E2225C9C63D007EA08C /* Project object */;
			proxyType = 1;
			remoteGlobalIDString = B4B47E2925C9C63D007EA08C;
			remoteInfo = "City-Search";
		};
		B4B47E4C25C9C63F007EA08C /* PBXContainerItemProxy */ = {
			isa = PBXContainerItemProxy;
			containerPortal = B4B47E2225C9C63D007EA08C /* Project object */;
			proxyType = 1;
			remoteGlobalIDString = B4B47E2925C9C63D007EA08C;
			remoteInfo = "City-Search";
		};
/* End PBXContainerItemProxy section */

/* Begin PBXFileReference section */
		B4B47E2A25C9C63D007EA08C /* City-Search.app */ = {isa = PBXFileReference; explicitFileType = wrapper.application; includeInIndex = 0; path = "City-Search.app"; sourceTree = BUILT_PRODUCTS_DIR; };
		B4B47E2D25C9C63D007EA08C /* AppDelegate.swift */ = {isa = PBXFileReference; lastKnownFileType = sourcecode.swift; path = AppDelegate.swift; sourceTree = "<group>"; };
		B4B47E2F25C9C63D007EA08C /* SceneDelegate.swift */ = {isa = PBXFileReference; lastKnownFileType = sourcecode.swift; path = SceneDelegate.swift; sourceTree = "<group>"; };
		B4B47E3125C9C63D007EA08C /* ListViewController.swift */ = {isa = PBXFileReference; lastKnownFileType = sourcecode.swift; path = ListViewController.swift; sourceTree = "<group>"; };
		B4B47E3425C9C63D007EA08C /* Base */ = {isa = PBXFileReference; lastKnownFileType = file.storyboard; name = Base; path = Base.lproj/Main.storyboard; sourceTree = "<group>"; };
		B4B47E3625C9C63E007EA08C /* Assets.xcassets */ = {isa = PBXFileReference; lastKnownFileType = folder.assetcatalog; path = Assets.xcassets; sourceTree = "<group>"; };
		B4B47E3925C9C63E007EA08C /* Base */ = {isa = PBXFileReference; lastKnownFileType = file.storyboard; name = Base; path = Base.lproj/LaunchScreen.storyboard; sourceTree = "<group>"; };
		B4B47E3B25C9C63E007EA08C /* Info.plist */ = {isa = PBXFileReference; lastKnownFileType = text.plist.xml; path = Info.plist; sourceTree = "<group>"; };
		B4B47E4025C9C63E007EA08C /* City-SearchTests.xctest */ = {isa = PBXFileReference; explicitFileType = wrapper.cfbundle; includeInIndex = 0; path = "City-SearchTests.xctest"; sourceTree = BUILT_PRODUCTS_DIR; };
		B4B47E4425C9C63E007EA08C /* City_SearchTests.swift */ = {isa = PBXFileReference; lastKnownFileType = sourcecode.swift; path = City_SearchTests.swift; sourceTree = "<group>"; };
		B4B47E4625C9C63E007EA08C /* Info.plist */ = {isa = PBXFileReference; lastKnownFileType = text.plist.xml; path = Info.plist; sourceTree = "<group>"; };
		B4B47E4B25C9C63F007EA08C /* City-SearchUITests.xctest */ = {isa = PBXFileReference; explicitFileType = wrapper.cfbundle; includeInIndex = 0; path = "City-SearchUITests.xctest"; sourceTree = BUILT_PRODUCTS_DIR; };
		B4B47E4F25C9C63F007EA08C /* City_SearchUITests.swift */ = {isa = PBXFileReference; lastKnownFileType = sourcecode.swift; path = City_SearchUITests.swift; sourceTree = "<group>"; };
		B4B47E5125C9C63F007EA08C /* Info.plist */ = {isa = PBXFileReference; lastKnownFileType = text.plist.xml; path = Info.plist; sourceTree = "<group>"; };
		B4B47E6425C9C722007EA08C /* Models.swift */ = {isa = PBXFileReference; lastKnownFileType = sourcecode.swift; path = Models.swift; sourceTree = "<group>"; };
		B4B47E6925C9C7CE007EA08C /* cities.json */ = {isa = PBXFileReference; fileEncoding = 4; lastKnownFileType = text.json; path = cities.json; sourceTree = "<group>"; };
		B4B47E7525C9C9D5007EA08C /* DataHandler.swift */ = {isa = PBXFileReference; lastKnownFileType = sourcecode.swift; path = DataHandler.swift; sourceTree = "<group>"; };
		B4B47E7B25C9D2EB007EA08C /* SearchResultCell.swift */ = {isa = PBXFileReference; lastKnownFileType = sourcecode.swift; path = SearchResultCell.swift; sourceTree = "<group>"; };
		B4B47E7C25C9D2EB007EA08C /* SearchResultCell.xib */ = {isa = PBXFileReference; lastKnownFileType = file.xib; path = SearchResultCell.xib; sourceTree = "<group>"; };
		B4B47E8525C9D820007EA08C /* BaseViewController.swift */ = {isa = PBXFileReference; lastKnownFileType = sourcecode.swift; path = BaseViewController.swift; sourceTree = "<group>"; };
/* End PBXFileReference section */

/* Begin PBXFrameworksBuildPhase section */
		B4B47E2725C9C63D007EA08C /* Frameworks */ = {
			isa = PBXFrameworksBuildPhase;
			buildActionMask = 2147483647;
			files = (
			);
			runOnlyForDeploymentPostprocessing = 0;
		};
		B4B47E3D25C9C63E007EA08C /* Frameworks */ = {
			isa = PBXFrameworksBuildPhase;
			buildActionMask = 2147483647;
			files = (
			);
			runOnlyForDeploymentPostprocessing = 0;
		};
		B4B47E4825C9C63F007EA08C /* Frameworks */ = {
			isa = PBXFrameworksBuildPhase;
			buildActionMask = 2147483647;
			files = (
			);
			runOnlyForDeploymentPostprocessing = 0;
		};
/* End PBXFrameworksBuildPhase section */

/* Begin PBXGroup section */
		B4B47E2125C9C63D007EA08C = {
			isa = PBXGroup;
			children = (
				B4B47E2C25C9C63D007EA08C /* City-Search */,
				B4B47E4325C9C63E007EA08C /* City-SearchTests */,
				B4B47E4E25C9C63F007EA08C /* City-SearchUITests */,
				B4B47E2B25C9C63D007EA08C /* Products */,
			);
			sourceTree = "<group>";
		};
		B4B47E2B25C9C63D007EA08C /* Products */ = {
			isa = PBXGroup;
			children = (
				B4B47E2A25C9C63D007EA08C /* City-Search.app */,
				B4B47E4025C9C63E007EA08C /* City-SearchTests.xctest */,
				B4B47E4B25C9C63F007EA08C /* City-SearchUITests.xctest */,
			);
			name = Products;
			sourceTree = "<group>";
		};
		B4B47E2C25C9C63D007EA08C /* City-Search */ = {
			isa = PBXGroup;
			children = (
				B4B47E7A25C9D2CA007EA08C /* Views */,
				B4B47E7425C9C9C1007EA08C /* Data */,
				B4B47E6325C9C701007EA08C /* Models */,
				B4B47E6225C9C6A0007EA08C /* Storyboards */,
				B4B47E6125C9C68F007EA08C /* ViewControllers */,
				B4B47E6025C9C680007EA08C /* Delegates */,
				B4B47E3625C9C63E007EA08C /* Assets.xcassets */,
				B4B47E6925C9C7CE007EA08C /* cities.json */,
				B4B47E3B25C9C63E007EA08C /* Info.plist */,
			);
			path = "City-Search";
			sourceTree = "<group>";
		};
		B4B47E4325C9C63E007EA08C /* City-SearchTests */ = {
			isa = PBXGroup;
			children = (
				B4B47E4425C9C63E007EA08C /* City_SearchTests.swift */,
				B4B47E4625C9C63E007EA08C /* Info.plist */,
			);
			path = "City-SearchTests";
			sourceTree = "<group>";
		};
		B4B47E4E25C9C63F007EA08C /* City-SearchUITests */ = {
			isa = PBXGroup;
			children = (
				B4B47E4F25C9C63F007EA08C /* City_SearchUITests.swift */,
				B4B47E5125C9C63F007EA08C /* Info.plist */,
			);
			path = "City-SearchUITests";
			sourceTree = "<group>";
		};
		B4B47E6025C9C680007EA08C /* Delegates */ = {
			isa = PBXGroup;
			children = (
				B4B47E2D25C9C63D007EA08C /* AppDelegate.swift */,
				B4B47E2F25C9C63D007EA08C /* SceneDelegate.swift */,
			);
			path = Delegates;
			sourceTree = "<group>";
		};
		B4B47E6125C9C68F007EA08C /* ViewControllers */ = {
			isa = PBXGroup;
			children = (
				B4B47E3125C9C63D007EA08C /* ListViewController.swift */,
				B4B47E8525C9D820007EA08C /* BaseViewController.swift */,
			);
			path = ViewControllers;
			sourceTree = "<group>";
		};
		B4B47E6225C9C6A0007EA08C /* Storyboards */ = {
			isa = PBXGroup;
			children = (
				B4B47E3825C9C63E007EA08C /* LaunchScreen.storyboard */,
				B4B47E3325C9C63D007EA08C /* Main.storyboard */,
			);
			path = Storyboards;
			sourceTree = "<group>";
		};
		B4B47E6325C9C701007EA08C /* Models */ = {
			isa = PBXGroup;
			children = (
				B4B47E6425C9C722007EA08C /* Models.swift */,
			);
			path = Models;
			sourceTree = "<group>";
		};
		B4B47E7425C9C9C1007EA08C /* Data */ = {
			isa = PBXGroup;
			children = (
				B4B47E7525C9C9D5007EA08C /* DataHandler.swift */,
			);
			path = Data;
			sourceTree = "<group>";
		};
		B4B47E7A25C9D2CA007EA08C /* Views */ = {
			isa = PBXGroup;
			children = (
				B4B47E7B25C9D2EB007EA08C /* SearchResultCell.swift */,
				B4B47E7C25C9D2EB007EA08C /* SearchResultCell.xib */,
			);
			path = Views;
			sourceTree = "<group>";
		};
/* End PBXGroup section */

/* Begin PBXNativeTarget section */
		B4B47E2925C9C63D007EA08C /* City-Search */ = {
			isa = PBXNativeTarget;
			buildConfigurationList = B4B47E5425C9C63F007EA08C /* Build configuration list for PBXNativeTarget "City-Search" */;
			buildPhases = (
				B4B47E2625C9C63D007EA08C /* Sources */,
				B4B47E2725C9C63D007EA08C /* Frameworks */,
				B4B47E2825C9C63D007EA08C /* Resources */,
			);
			buildRules = (
			);
			dependencies = (
			);
			name = "City-Search";
			productName = "City-Search";
			productReference = B4B47E2A25C9C63D007EA08C /* City-Search.app */;
			productType = "com.apple.product-type.application";
		};
		B4B47E3F25C9C63E007EA08C /* City-SearchTests */ = {
			isa = PBXNativeTarget;
			buildConfigurationList = B4B47E5725C9C63F007EA08C /* Build configuration list for PBXNativeTarget "City-SearchTests" */;
			buildPhases = (
				B4B47E3C25C9C63E007EA08C /* Sources */,
				B4B47E3D25C9C63E007EA08C /* Frameworks */,
				B4B47E3E25C9C63E007EA08C /* Resources */,
			);
			buildRules = (
			);
			dependencies = (
				B4B47E4225C9C63E007EA08C /* PBXTargetDependency */,
			);
			name = "City-SearchTests";
			productName = "City-SearchTests";
			productReference = B4B47E4025C9C63E007EA08C /* City-SearchTests.xctest */;
			productType = "com.apple.product-type.bundle.unit-test";
		};
		B4B47E4A25C9C63F007EA08C /* City-SearchUITests */ = {
			isa = PBXNativeTarget;
			buildConfigurationList = B4B47E5A25C9C63F007EA08C /* Build configuration list for PBXNativeTarget "City-SearchUITests" */;
			buildPhases = (
				B4B47E4725C9C63F007EA08C /* Sources */,
				B4B47E4825C9C63F007EA08C /* Frameworks */,
				B4B47E4925C9C63F007EA08C /* Resources */,
			);
			buildRules = (
			);
			dependencies = (
				B4B47E4D25C9C63F007EA08C /* PBXTargetDependency */,
			);
			name = "City-SearchUITests";
			productName = "City-SearchUITests";
			productReference = B4B47E4B25C9C63F007EA08C /* City-SearchUITests.xctest */;
			productType = "com.apple.product-type.bundle.ui-testing";
		};
/* End PBXNativeTarget section */

/* Begin PBXProject section */
		B4B47E2225C9C63D007EA08C /* Project object */ = {
			isa = PBXProject;
			attributes = {
				LastSwiftUpdateCheck = 1240;
				LastUpgradeCheck = 1240;
				TargetAttributes = {
					B4B47E2925C9C63D007EA08C = {
						CreatedOnToolsVersion = 12.4;
					};
					B4B47E3F25C9C63E007EA08C = {
						CreatedOnToolsVersion = 12.4;
						TestTargetID = B4B47E2925C9C63D007EA08C;
					};
					B4B47E4A25C9C63F007EA08C = {
						CreatedOnToolsVersion = 12.4;
						TestTargetID = B4B47E2925C9C63D007EA08C;
					};
				};
			};
			buildConfigurationList = B4B47E2525C9C63D007EA08C /* Build configuration list for PBXProject "City-Search" */;
			compatibilityVersion = "Xcode 9.3";
			developmentRegion = en;
			hasScannedForEncodings = 0;
			knownRegions = (
				en,
				Base,
			);
			mainGroup = B4B47E2125C9C63D007EA08C;
			productRefGroup = B4B47E2B25C9C63D007EA08C /* Products */;
			projectDirPath = "";
			projectRoot = "";
			targets = (
				B4B47E2925C9C63D007EA08C /* City-Search */,
				B4B47E3F25C9C63E007EA08C /* City-SearchTests */,
				B4B47E4A25C9C63F007EA08C /* City-SearchUITests */,
			);
		};
/* End PBXProject section */

/* Begin PBXResourcesBuildPhase section */
		B4B47E2825C9C63D007EA08C /* Resources */ = {
			isa = PBXResourcesBuildPhase;
			buildActionMask = 2147483647;
			files = (
				B4B47E6A25C9C7CE007EA08C /* cities.json in Resources */,
				B4B47E7E25C9D2EB007EA08C /* SearchResultCell.xib in Resources */,
				B4B47E3A25C9C63E007EA08C /* LaunchScreen.storyboard in Resources */,
				B4B47E3725C9C63E007EA08C /* Assets.xcassets in Resources */,
				B4B47E3525C9C63D007EA08C /* Main.storyboard in Resources */,
			);
			runOnlyForDeploymentPostprocessing = 0;
		};
		B4B47E3E25C9C63E007EA08C /* Resources */ = {
			isa = PBXResourcesBuildPhase;
			buildActionMask = 2147483647;
			files = (
			);
			runOnlyForDeploymentPostprocessing = 0;
		};
		B4B47E4925C9C63F007EA08C /* Resources */ = {
			isa = PBXResourcesBuildPhase;
			buildActionMask = 2147483647;
			files = (
			);
			runOnlyForDeploymentPostprocessing = 0;
		};
/* End PBXResourcesBuildPhase section */

/* Begin PBXSourcesBuildPhase section */
		B4B47E2625C9C63D007EA08C /* Sources */ = {
			isa = PBXSourcesBuildPhase;
			buildActionMask = 2147483647;
			files = (
				B4B47E3225C9C63D007EA08C /* ListViewController.swift in Sources */,
				B4B47E2E25C9C63D007EA08C /* AppDelegate.swift in Sources */,
				B4B47E3025C9C63D007EA08C /* SceneDelegate.swift in Sources */,
				B4B47E6525C9C722007EA08C /* Models.swift in Sources */,
				B4B47E7D25C9D2EB007EA08C /* SearchResultCell.swift in Sources */,
				B4B47E8625C9D820007EA08C /* BaseViewController.swift in Sources */,
				B4B47E7625C9C9D5007EA08C /* DataHandler.swift in Sources */,
			);
			runOnlyForDeploymentPostprocessing = 0;
		};
		B4B47E3C25C9C63E007EA08C /* Sources */ = {
			isa = PBXSourcesBuildPhase;
			buildActionMask = 2147483647;
			files = (
				B4B47E4525C9C63E007EA08C /* City_SearchTests.swift in Sources */,
			);
			runOnlyForDeploymentPostprocessing = 0;
		};
		B4B47E4725C9C63F007EA08C /* Sources */ = {
			isa = PBXSourcesBuildPhase;
			buildActionMask = 2147483647;
			files = (
				B4B47E5025C9C63F007EA08C /* City_SearchUITests.swift in Sources */,
			);
			runOnlyForDeploymentPostprocessing = 0;
		};
/* End PBXSourcesBuildPhase section */

/* Begin PBXTargetDependency section */
		B4B47E4225C9C63E007EA08C /* PBXTargetDependency */ = {
			isa = PBXTargetDependency;
			target = B4B47E2925C9C63D007EA08C /* City-Search */;
			targetProxy = B4B47E4125C9C63E007EA08C /* PBXContainerItemProxy */;
		};
		B4B47E4D25C9C63F007EA08C /* PBXTargetDependency */ = {
			isa = PBXTargetDependency;
			target = B4B47E2925C9C63D007EA08C /* City-Search */;
			targetProxy = B4B47E4C25C9C63F007EA08C /* PBXContainerItemProxy */;
		};
/* End PBXTargetDependency section */

/* Begin PBXVariantGroup section */
		B4B47E3325C9C63D007EA08C /* Main.storyboard */ = {
			isa = PBXVariantGroup;
			children = (
				B4B47E3425C9C63D007EA08C /* Base */,
			);
			name = Main.storyboard;
			sourceTree = "<group>";
		};
		B4B47E3825C9C63E007EA08C /* LaunchScreen.storyboard */ = {
			isa = PBXVariantGroup;
			children = (
				B4B47E3925C9C63E007EA08C /* Base */,
			);
			name = LaunchScreen.storyboard;
			sourceTree = "<group>";
		};
/* End PBXVariantGroup section */

/* Begin XCBuildConfiguration section */
		B4B47E5225C9C63F007EA08C /* Debug */ = {
			isa = XCBuildConfiguration;
			buildSettings = {
				ALWAYS_SEARCH_USER_PATHS = NO;
				CLANG_ANALYZER_NONNULL = YES;
				CLANG_ANALYZER_NUMBER_OBJECT_CONVERSION = YES_AGGRESSIVE;
				CLANG_CXX_LANGUAGE_STANDARD = "gnu++14";
				CLANG_CXX_LIBRARY = "libc++";
				CLANG_ENABLE_MODULES = YES;
				CLANG_ENABLE_OBJC_ARC = YES;
				CLANG_ENABLE_OBJC_WEAK = YES;
				CLANG_WARN_BLOCK_CAPTURE_AUTORELEASING = YES;
				CLANG_WARN_BOOL_CONVERSION = YES;
				CLANG_WARN_COMMA = YES;
				CLANG_WARN_CONSTANT_CONVERSION = YES;
				CLANG_WARN_DEPRECATED_OBJC_IMPLEMENTATIONS = YES;
				CLANG_WARN_DIRECT_OBJC_ISA_USAGE = YES_ERROR;
				CLANG_WARN_DOCUMENTATION_COMMENTS = YES;
				CLANG_WARN_EMPTY_BODY = YES;
				CLANG_WARN_ENUM_CONVERSION = YES;
				CLANG_WARN_INFINITE_RECURSION = YES;
				CLANG_WARN_INT_CONVERSION = YES;
				CLANG_WARN_NON_LITERAL_NULL_CONVERSION = YES;
				CLANG_WARN_OBJC_IMPLICIT_RETAIN_SELF = YES;
				CLANG_WARN_OBJC_LITERAL_CONVERSION = YES;
				CLANG_WARN_OBJC_ROOT_CLASS = YES_ERROR;
				CLANG_WARN_QUOTED_INCLUDE_IN_FRAMEWORK_HEADER = YES;
				CLANG_WARN_RANGE_LOOP_ANALYSIS = YES;
				CLANG_WARN_STRICT_PROTOTYPES = YES;
				CLANG_WARN_SUSPICIOUS_MOVE = YES;
				CLANG_WARN_UNGUARDED_AVAILABILITY = YES_AGGRESSIVE;
				CLANG_WARN_UNREACHABLE_CODE = YES;
				CLANG_WARN__DUPLICATE_METHOD_MATCH = YES;
				COPY_PHASE_STRIP = NO;
				DEBUG_INFORMATION_FORMAT = dwarf;
				ENABLE_STRICT_OBJC_MSGSEND = YES;
				ENABLE_TESTABILITY = YES;
				GCC_C_LANGUAGE_STANDARD = gnu11;
				GCC_DYNAMIC_NO_PIC = NO;
				GCC_NO_COMMON_BLOCKS = YES;
				GCC_OPTIMIZATION_LEVEL = 0;
				GCC_PREPROCESSOR_DEFINITIONS = (
					"DEBUG=1",
					"$(inherited)",
				);
				GCC_WARN_64_TO_32_BIT_CONVERSION = YES;
				GCC_WARN_ABOUT_RETURN_TYPE = YES_ERROR;
				GCC_WARN_UNDECLARED_SELECTOR = YES;
				GCC_WARN_UNINITIALIZED_AUTOS = YES_AGGRESSIVE;
				GCC_WARN_UNUSED_FUNCTION = YES;
				GCC_WARN_UNUSED_VARIABLE = YES;
				IPHONEOS_DEPLOYMENT_TARGET = 14.4;
				MTL_ENABLE_DEBUG_INFO = INCLUDE_SOURCE;
				MTL_FAST_MATH = YES;
				ONLY_ACTIVE_ARCH = YES;
				SDKROOT = iphoneos;
				SWIFT_ACTIVE_COMPILATION_CONDITIONS = DEBUG;
				SWIFT_OPTIMIZATION_LEVEL = "-Onone";
			};
			name = Debug;
		};
		B4B47E5325C9C63F007EA08C /* Release */ = {
			isa = XCBuildConfiguration;
			buildSettings = {
				ALWAYS_SEARCH_USER_PATHS = NO;
				CLANG_ANALYZER_NONNULL = YES;
				CLANG_ANALYZER_NUMBER_OBJECT_CONVERSION = YES_AGGRESSIVE;
				CLANG_CXX_LANGUAGE_STANDARD = "gnu++14";
				CLANG_CXX_LIBRARY = "libc++";
				CLANG_ENABLE_MODULES = YES;
				CLANG_ENABLE_OBJC_ARC = YES;
				CLANG_ENABLE_OBJC_WEAK = YES;
				CLANG_WARN_BLOCK_CAPTURE_AUTORELEASING = YES;
				CLANG_WARN_BOOL_CONVERSION = YES;
				CLANG_WARN_COMMA = YES;
				CLANG_WARN_CONSTANT_CONVERSION = YES;
				CLANG_WARN_DEPRECATED_OBJC_IMPLEMENTATIONS = YES;
				CLANG_WARN_DIRECT_OBJC_ISA_USAGE = YES_ERROR;
				CLANG_WARN_DOCUMENTATION_COMMENTS = YES;
				CLANG_WARN_EMPTY_BODY = YES;
				CLANG_WARN_ENUM_CONVERSION = YES;
				CLANG_WARN_INFINITE_RECURSION = YES;
				CLANG_WARN_INT_CONVERSION = YES;
				CLANG_WARN_NON_LITERAL_NULL_CONVERSION = YES;
				CLANG_WARN_OBJC_IMPLICIT_RETAIN_SELF = YES;
				CLANG_WARN_OBJC_LITERAL_CONVERSION = YES;
				CLANG_WARN_OBJC_ROOT_CLASS = YES_ERROR;
				CLANG_WARN_QUOTED_INCLUDE_IN_FRAMEWORK_HEADER = YES;
				CLANG_WARN_RANGE_LOOP_ANALYSIS = YES;
				CLANG_WARN_STRICT_PROTOTYPES = YES;
				CLANG_WARN_SUSPICIOUS_MOVE = YES;
				CLANG_WARN_UNGUARDED_AVAILABILITY = YES_AGGRESSIVE;
				CLANG_WARN_UNREACHABLE_CODE = YES;
				CLANG_WARN__DUPLICATE_METHOD_MATCH = YES;
				COPY_PHASE_STRIP = NO;
				DEBUG_INFORMATION_FORMAT = "dwarf-with-dsym";
				ENABLE_NS_ASSERTIONS = NO;
				ENABLE_STRICT_OBJC_MSGSEND = YES;
				GCC_C_LANGUAGE_STANDARD = gnu11;
				GCC_NO_COMMON_BLOCKS = YES;
				GCC_WARN_64_TO_32_BIT_CONVERSION = YES;
				GCC_WARN_ABOUT_RETURN_TYPE = YES_ERROR;
				GCC_WARN_UNDECLARED_SELECTOR = YES;
				GCC_WARN_UNINITIALIZED_AUTOS = YES_AGGRESSIVE;
				GCC_WARN_UNUSED_FUNCTION = YES;
				GCC_WARN_UNUSED_VARIABLE = YES;
				IPHONEOS_DEPLOYMENT_TARGET = 14.4;
				MTL_ENABLE_DEBUG_INFO = NO;
				MTL_FAST_MATH = YES;
				SDKROOT = iphoneos;
				SWIFT_COMPILATION_MODE = wholemodule;
				SWIFT_OPTIMIZATION_LEVEL = "-O";
				VALIDATE_PRODUCT = YES;
			};
			name = Release;
		};
		B4B47E5525C9C63F007EA08C /* Debug */ = {
			isa = XCBuildConfiguration;
			buildSettings = {
				ASSETCATALOG_COMPILER_APPICON_NAME = AppIcon;
				ASSETCATALOG_COMPILER_GLOBAL_ACCENT_COLOR_NAME = AccentColor;
				CODE_SIGN_STYLE = Automatic;
				INFOPLIST_FILE = "City-Search/Info.plist";
				LD_RUNPATH_SEARCH_PATHS = (
					"$(inherited)",
					"@executable_path/Frameworks",
				);
				PRODUCT_BUNDLE_IDENTIFIER = "com.tomodev.City-Search";
				PRODUCT_NAME = "$(TARGET_NAME)";
				SWIFT_VERSION = 5.0;
				TARGETED_DEVICE_FAMILY = "1,2";
			};
			name = Debug;
		};
		B4B47E5625C9C63F007EA08C /* Release */ = {
			isa = XCBuildConfiguration;
			buildSettings = {
				ASSETCATALOG_COMPILER_APPICON_NAME = AppIcon;
				ASSETCATALOG_COMPILER_GLOBAL_ACCENT_COLOR_NAME = AccentColor;
				CODE_SIGN_STYLE = Automatic;
				INFOPLIST_FILE = "City-Search/Info.plist";
				LD_RUNPATH_SEARCH_PATHS = (
					"$(inherited)",
					"@executable_path/Frameworks",
				);
				PRODUCT_BUNDLE_IDENTIFIER = "com.tomodev.City-Search";
				PRODUCT_NAME = "$(TARGET_NAME)";
				SWIFT_VERSION = 5.0;
				TARGETED_DEVICE_FAMILY = "1,2";
			};
			name = Release;
		};
		B4B47E5825C9C63F007EA08C /* Debug */ = {
			isa = XCBuildConfiguration;
			buildSettings = {
				ALWAYS_EMBED_SWIFT_STANDARD_LIBRARIES = YES;
				BUNDLE_LOADER = "$(TEST_HOST)";
				CODE_SIGN_STYLE = Automatic;
				INFOPLIST_FILE = "City-SearchTests/Info.plist";
				IPHONEOS_DEPLOYMENT_TARGET = 14.4;
				LD_RUNPATH_SEARCH_PATHS = (
					"$(inherited)",
					"@executable_path/Frameworks",
					"@loader_path/Frameworks",
				);
				PRODUCT_BUNDLE_IDENTIFIER = "com.tomodev.City-SearchTests";
				PRODUCT_NAME = "$(TARGET_NAME)";
				SWIFT_VERSION = 5.0;
				TARGETED_DEVICE_FAMILY = "1,2";
				TEST_HOST = "$(BUILT_PRODUCTS_DIR)/City-Search.app/City-Search";
			};
			name = Debug;
		};
		B4B47E5925C9C63F007EA08C /* Release */ = {
			isa = XCBuildConfiguration;
			buildSettings = {
				ALWAYS_EMBED_SWIFT_STANDARD_LIBRARIES = YES;
				BUNDLE_LOADER = "$(TEST_HOST)";
				CODE_SIGN_STYLE = Automatic;
				INFOPLIST_FILE = "City-SearchTests/Info.plist";
				IPHONEOS_DEPLOYMENT_TARGET = 14.4;
				LD_RUNPATH_SEARCH_PATHS = (
					"$(inherited)",
					"@executable_path/Frameworks",
					"@loader_path/Frameworks",
				);
				PRODUCT_BUNDLE_IDENTIFIER = "com.tomodev.City-SearchTests";
				PRODUCT_NAME = "$(TARGET_NAME)";
				SWIFT_VERSION = 5.0;
				TARGETED_DEVICE_FAMILY = "1,2";
				TEST_HOST = "$(BUILT_PRODUCTS_DIR)/City-Search.app/City-Search";
			};
			name = Release;
		};
		B4B47E5B25C9C63F007EA08C /* Debug */ = {
			isa = XCBuildConfiguration;
			buildSettings = {
				ALWAYS_EMBED_SWIFT_STANDARD_LIBRARIES = YES;
				CODE_SIGN_STYLE = Automatic;
				INFOPLIST_FILE = "City-SearchUITests/Info.plist";
				LD_RUNPATH_SEARCH_PATHS = (
					"$(inherited)",
					"@executable_path/Frameworks",
					"@loader_path/Frameworks",
				);
				PRODUCT_BUNDLE_IDENTIFIER = "com.tomodev.City-SearchUITests";
				PRODUCT_NAME = "$(TARGET_NAME)";
				SWIFT_VERSION = 5.0;
				TARGETED_DEVICE_FAMILY = "1,2";
				TEST_TARGET_NAME = "City-Search";
			};
			name = Debug;
		};
		B4B47E5C25C9C63F007EA08C /* Release */ = {
			isa = XCBuildConfiguration;
			buildSettings = {
				ALWAYS_EMBED_SWIFT_STANDARD_LIBRARIES = YES;
				CODE_SIGN_STYLE = Automatic;
				INFOPLIST_FILE = "City-SearchUITests/Info.plist";
				LD_RUNPATH_SEARCH_PATHS = (
					"$(inherited)",
					"@executable_path/Frameworks",
					"@loader_path/Frameworks",
				);
				PRODUCT_BUNDLE_IDENTIFIER = "com.tomodev.City-SearchUITests";
				PRODUCT_NAME = "$(TARGET_NAME)";
				SWIFT_VERSION = 5.0;
				TARGETED_DEVICE_FAMILY = "1,2";
				TEST_TARGET_NAME = "City-Search";
			};
			name = Release;
		};
/* End XCBuildConfiguration section */

/* Begin XCConfigurationList section */
		B4B47E2525C9C63D007EA08C /* Build configuration list for PBXProject "City-Search" */ = {
			isa = XCConfigurationList;
			buildConfigurations = (
				B4B47E5225C9C63F007EA08C /* Debug */,
				B4B47E5325C9C63F007EA08C /* Release */,
			);
			defaultConfigurationIsVisible = 0;
			defaultConfigurationName = Release;
		};
		B4B47E5425C9C63F007EA08C /* Build configuration list for PBXNativeTarget "City-Search" */ = {
			isa = XCConfigurationList;
			buildConfigurations = (
				B4B47E5525C9C63F007EA08C /* Debug */,
				B4B47E5625C9C63F007EA08C /* Release */,
			);
			defaultConfigurationIsVisible = 0;
			defaultConfigurationName = Release;
		};
		B4B47E5725C9C63F007EA08C /* Build configuration list for PBXNativeTarget "City-SearchTests" */ = {
			isa = XCConfigurationList;
			buildConfigurations = (
				B4B47E5825C9C63F007EA08C /* Debug */,
				B4B47E5925C9C63F007EA08C /* Release */,
			);
			defaultConfigurationIsVisible = 0;
			defaultConfigurationName = Release;
		};
		B4B47E5A25C9C63F007EA08C /* Build configuration list for PBXNativeTarget "City-SearchUITests" */ = {
			isa = XCConfigurationList;
			buildConfigurations = (
				B4B47E5B25C9C63F007EA08C /* Debug */,
				B4B47E5C25C9C63F007EA08C /* Release */,
			);
			defaultConfigurationIsVisible = 0;
			defaultConfigurationName = Release;
		};
/* End XCConfigurationList section */
	};
	rootObject = B4B47E2225C9C63D007EA08C /* Project object */;
}
